
Microsoft Visual Studio Solution File, Format Version 12.00
# Visual Studio Version 17
VisualStudioVersion = 17.9.34728.123
MinimumVisualStudioVersion = 10.0.40219.1
Project("{FAE04EC0-301F-11D3-BF4B-00C04F79EFBC}") = "Hotel_db", "Hotel_db\Hotel_db.csproj", "{3BC7005E-76B4-42FB-BF27-ABBEE7892875}"
EndProject
Global
	GlobalSection(SolutionConfigurationPlatforms) = preSolution
		Debug|Any CPU = Debug|Any CPU
		Release|Any CPU = Release|Any CPU
	EndGlobalSection
	GlobalSection(ProjectConfigurationPlatforms) = postSolution
		{3BC7005E-76B4-42FB-BF27-ABBEE7892875}.Debug|Any CPU.ActiveCfg = Debug|Any CPU
		{3BC7005E-76B4-42FB-BF27-ABBEE7892875}.Debug|Any CPU.Build.0 = Debug|Any CPU
		{3BC7005E-76B4-42FB-BF27-ABBEE7892875}.Release|Any CPU.ActiveCfg = Release|Any CPU
		{3BC7005E-76B4-42FB-BF27-ABBEE7892875}.Release|Any CPU.Build.0 = Release|Any CPU
	EndGlobalSection
	GlobalSection(SolutionProperties) = preSolution
		HideSolutionNode = FALSE
	EndGlobalSection
	GlobalSection(ExtensibilityGlobals) = postSolution
		SolutionGuid = {22836493-43BD-410B-8E07-FE19B166CBB2}
	EndGlobalSection
EndGlobal
